
Microsoft Visual Studio Solution File, Format Version 12.00
# Visual Studio Version 16
VisualStudioVersion = 16.0.30204.135
MinimumVisualStudioVersion = 10.0.40219.1
Project("{FAE04EC0-301F-11D3-BF4B-00C04F79EFBC}") = "Singleton", "Singleton\Singleton.csproj", "{4CB25754-0F35-4CE5-A2D7-037D774FC854}"
EndProject
Project("{FAE04EC0-301F-11D3-BF4B-00C04F79EFBC}") = "FactoryMethod", "FactoryMethod\FactoryMethod.csproj", "{5B828F8B-2EB3-49C4-BFF9-DA3EA554CB12}"
EndProject
Project("{FAE04EC0-301F-11D3-BF4B-00C04F79EFBC}") = "AbstractFactory", "AbstractFactory\AbstractFactory.csproj", "{B4739635-C9F0-4BCC-8D24-F7878AC16C9C}"
EndProject
Project("{FAE04EC0-301F-11D3-BF4B-00C04F79EFBC}") = "Prototype", "Prototype\Prototype.csproj", "{E8FEB69D-5340-4ABF-B476-6DA3042719E4}"
EndProject
Project("{FAE04EC0-301F-11D3-BF4B-00C04F79EFBC}") = "Builder", "Builder\Builder.csproj", "{2864B799-B155-414F-AD66-93D99310D63A}"
EndProject
Project("{FAE04EC0-301F-11D3-BF4B-00C04F79EFBC}") = "Facade", "Facade\Facade.csproj", "{67E51C93-4078-4D71-B1B1-05BAF9AA600F}"
EndProject
Project("{FAE04EC0-301F-11D3-BF4B-00C04F79EFBC}") = "Adapter", "Adapter\Adapter.csproj", "{C9D0F843-DBFC-4590-8520-1ACAAA1D9E76}"
EndProject
Project("{FAE04EC0-301F-11D3-BF4B-00C04F79EFBC}") = "Composite", "Composite\Composite.csproj", "{2B8C6BCB-FE39-425A-8935-DB6A1BDA901D}"
EndProject
Project("{FAE04EC0-301F-11D3-BF4B-00C04F79EFBC}") = "Proxy", "Proxy\Proxy.csproj", "{4357437E-8593-4122-8B50-B5C9AD94E6CE}"
EndProject
Project("{FAE04EC0-301F-11D3-BF4B-00C04F79EFBC}") = "Decorator", "Decorator\Decorator.csproj", "{835DCE54-BA06-4759-8A68-0DFED367D3A0}"
EndProject
Project("{FAE04EC0-301F-11D3-BF4B-00C04F79EFBC}") = "Bridge", "Bridge\Bridge.csproj", "{1E8C65A7-3F39-4505-9910-136C3BE335B6}"
EndProject
Global
	GlobalSection(SolutionConfigurationPlatforms) = preSolution
		Debug|Any CPU = Debug|Any CPU
		Release|Any CPU = Release|Any CPU
	EndGlobalSection
	GlobalSection(ProjectConfigurationPlatforms) = postSolution
		{4CB25754-0F35-4CE5-A2D7-037D774FC854}.Debug|Any CPU.ActiveCfg = Debug|Any CPU
		{4CB25754-0F35-4CE5-A2D7-037D774FC854}.Debug|Any CPU.Build.0 = Debug|Any CPU
		{4CB25754-0F35-4CE5-A2D7-037D774FC854}.Release|Any CPU.ActiveCfg = Release|Any CPU
		{4CB25754-0F35-4CE5-A2D7-037D774FC854}.Release|Any CPU.Build.0 = Release|Any CPU
		{5B828F8B-2EB3-49C4-BFF9-DA3EA554CB12}.Debug|Any CPU.ActiveCfg = Debug|Any CPU
		{5B828F8B-2EB3-49C4-BFF9-DA3EA554CB12}.Debug|Any CPU.Build.0 = Debug|Any CPU
		{5B828F8B-2EB3-49C4-BFF9-DA3EA554CB12}.Release|Any CPU.ActiveCfg = Release|Any CPU
		{5B828F8B-2EB3-49C4-BFF9-DA3EA554CB12}.Release|Any CPU.Build.0 = Release|Any CPU
		{B4739635-C9F0-4BCC-8D24-F7878AC16C9C}.Debug|Any CPU.ActiveCfg = Debug|Any CPU
		{B4739635-C9F0-4BCC-8D24-F7878AC16C9C}.Debug|Any CPU.Build.0 = Debug|Any CPU
		{B4739635-C9F0-4BCC-8D24-F7878AC16C9C}.Release|Any CPU.ActiveCfg = Release|Any CPU
		{B4739635-C9F0-4BCC-8D24-F7878AC16C9C}.Release|Any CPU.Build.0 = Release|Any CPU
		{E8FEB69D-5340-4ABF-B476-6DA3042719E4}.Debug|Any CPU.ActiveCfg = Debug|Any CPU
		{E8FEB69D-5340-4ABF-B476-6DA3042719E4}.Debug|Any CPU.Build.0 = Debug|Any CPU
		{E8FEB69D-5340-4ABF-B476-6DA3042719E4}.Release|Any CPU.ActiveCfg = Release|Any CPU
		{E8FEB69D-5340-4ABF-B476-6DA3042719E4}.Release|Any CPU.Build.0 = Release|Any CPU
		{2864B799-B155-414F-AD66-93D99310D63A}.Debug|Any CPU.ActiveCfg = Debug|Any CPU
		{2864B799-B155-414F-AD66-93D99310D63A}.Debug|Any CPU.Build.0 = Debug|Any CPU
		{2864B799-B155-414F-AD66-93D99310D63A}.Release|Any CPU.ActiveCfg = Release|Any CPU
		{2864B799-B155-414F-AD66-93D99310D63A}.Release|Any CPU.Build.0 = Release|Any CPU
		{67E51C93-4078-4D71-B1B1-05BAF9AA600F}.Debug|Any CPU.ActiveCfg = Debug|Any CPU
		{67E51C93-4078-4D71-B1B1-05BAF9AA600F}.Debug|Any CPU.Build.0 = Debug|Any CPU
		{67E51C93-4078-4D71-B1B1-05BAF9AA600F}.Release|Any CPU.ActiveCfg = Release|Any CPU
		{67E51C93-4078-4D71-B1B1-05BAF9AA600F}.Release|Any CPU.Build.0 = Release|Any CPU
		{C9D0F843-DBFC-4590-8520-1ACAAA1D9E76}.Debug|Any CPU.ActiveCfg = Debug|Any CPU
		{C9D0F843-DBFC-4590-8520-1ACAAA1D9E76}.Debug|Any CPU.Build.0 = Debug|Any CPU
		{C9D0F843-DBFC-4590-8520-1ACAAA1D9E76}.Release|Any CPU.ActiveCfg = Release|Any CPU
		{C9D0F843-DBFC-4590-8520-1ACAAA1D9E76}.Release|Any CPU.Build.0 = Release|Any CPU
		{2B8C6BCB-FE39-425A-8935-DB6A1BDA901D}.Debug|Any CPU.ActiveCfg = Debug|Any CPU
		{2B8C6BCB-FE39-425A-8935-DB6A1BDA901D}.Debug|Any CPU.Build.0 = Debug|Any CPU
		{2B8C6BCB-FE39-425A-8935-DB6A1BDA901D}.Release|Any CPU.ActiveCfg = Release|Any CPU
		{2B8C6BCB-FE39-425A-8935-DB6A1BDA901D}.Release|Any CPU.Build.0 = Release|Any CPU
		{4357437E-8593-4122-8B50-B5C9AD94E6CE}.Debug|Any CPU.ActiveCfg = Debug|Any CPU
		{4357437E-8593-4122-8B50-B5C9AD94E6CE}.Debug|Any CPU.Build.0 = Debug|Any CPU
		{4357437E-8593-4122-8B50-B5C9AD94E6CE}.Release|Any CPU.ActiveCfg = Release|Any CPU
		{4357437E-8593-4122-8B50-B5C9AD94E6CE}.Release|Any CPU.Build.0 = Release|Any CPU
		{835DCE54-BA06-4759-8A68-0DFED367D3A0}.Debug|Any CPU.ActiveCfg = Debug|Any CPU
		{835DCE54-BA06-4759-8A68-0DFED367D3A0}.Debug|Any CPU.Build.0 = Debug|Any CPU
		{835DCE54-BA06-4759-8A68-0DFED367D3A0}.Release|Any CPU.ActiveCfg = Release|Any CPU
		{835DCE54-BA06-4759-8A68-0DFED367D3A0}.Release|Any CPU.Build.0 = Release|Any CPU
		{1E8C65A7-3F39-4505-9910-136C3BE335B6}.Debug|Any CPU.ActiveCfg = Debug|Any CPU
		{1E8C65A7-3F39-4505-9910-136C3BE335B6}.Debug|Any CPU.Build.0 = Debug|Any CPU
		{1E8C65A7-3F39-4505-9910-136C3BE335B6}.Release|Any CPU.ActiveCfg = Release|Any CPU
		{1E8C65A7-3F39-4505-9910-136C3BE335B6}.Release|Any CPU.Build.0 = Release|Any CPU
	EndGlobalSection
	GlobalSection(SolutionProperties) = preSolution
		HideSolutionNode = FALSE
	EndGlobalSection
	GlobalSection(ExtensibilityGlobals) = postSolution
		SolutionGuid = {709D5D1D-C684-4125-A7DF-127F371BA19A}
	EndGlobalSection
EndGlobal
